
Microsoft Visual Studio Solution File, Format Version 12.00
# Visual Studio Version 17
VisualStudioVersion = 17.4.33213.308
MinimumVisualStudioVersion = 10.0.40219.1
Project("{FAE04EC0-301F-11D3-BF4B-00C04F79EFBC}") = "ImposibleBruhNoter", "ImposibleBruhNoter\ImposibleBruhNoter.csproj", "{FABA3C7E-1B1C-4AB3-8558-AB40E22E8412}"
EndProject
Global
	GlobalSection(SolutionConfigurationPlatforms) = preSolution
		Debug|Any CPU = Debug|Any CPU
		Release|Any CPU = Release|Any CPU
	EndGlobalSection
	GlobalSection(ProjectConfigurationPlatforms) = postSolution
		{FABA3C7E-1B1C-4AB3-8558-AB40E22E8412}.Debug|Any CPU.ActiveCfg = Debug|Any CPU
		{FABA3C7E-1B1C-4AB3-8558-AB40E22E8412}.Debug|Any CPU.Build.0 = Debug|Any CPU
		{FABA3C7E-1B1C-4AB3-8558-AB40E22E8412}.Release|Any CPU.ActiveCfg = Release|Any CPU
		{FABA3C7E-1B1C-4AB3-8558-AB40E22E8412}.Release|Any CPU.Build.0 = Release|Any CPU
	EndGlobalSection
	GlobalSection(SolutionProperties) = preSolution
		HideSolutionNode = FALSE
	EndGlobalSection
	GlobalSection(ExtensibilityGlobals) = postSolution
		SolutionGuid = {2EB13221-B9B1-47A4-9033-E2F77B6F1882}
	EndGlobalSection
EndGlobal
